// !$*UTF8*$!
{
	archiveVersion = 1;
	classes = {
	};
	objectVersion = 77;
	objects = {

/* Begin PBXBuildFile section */
		E4057D122E5C7C2C0013E917 /* CalmMeNowWatch Watch App.app in Embed Watch Content */ = {isa = PBXBuildFile; fileRef = E4057D082E5C7C2B0013E917 /* CalmMeNowWatch Watch App.app */; settings = {ATTRIBUTES = (RemoveHeadersOnCopy, ); }; };
		E4057D242E5C7E4A0013E917 /* WatchConnectivity.framework in Frameworks */ = {isa = PBXBuildFile; fileRef = E4057D232E5C7E4A0013E917 /* WatchConnectivity.framework */; };
		E4057D262E5C7E740013E917 /* WatchConnectivity.framework in Frameworks */ = {isa = PBXBuildFile; fileRef = E4057D252E5C7E740013E917 /* WatchConnectivity.framework */; };
		E4F9B7172E5E685300443EC4 /* FirebaseAnalytics in Frameworks */ = {isa = PBXBuildFile; productRef = E4F9B7162E5E685300443EC4 /* FirebaseAnalytics */; };
		E4F9B7192E5E685300443EC4 /* FirebaseAnalyticsCore in Frameworks */ = {isa = PBXBuildFile; productRef = E4F9B7182E5E685300443EC4 /* FirebaseAnalyticsCore */; };
		E4FC06412E55124F00444E67 /* Lottie in Frameworks */ = {isa = PBXBuildFile; productRef = E4FC06402E55124F00444E67 /* Lottie */; };
		E4FC06452E55136500444E67 /* Sloth meditate.json in Resources */ = {isa = PBXBuildFile; fileRef = E4FC06442E55136500444E67 /* Sloth meditate.json */; };
/* End PBXBuildFile section */

/* Begin PBXContainerItemProxy section */
		E4057D102E5C7C2C0013E917 /* PBXContainerItemProxy */ = {
			isa = PBXContainerItemProxy;
			containerPortal = E4DB97A72DDBAD3C0084C498 /* Project object */;
			proxyType = 1;
			remoteGlobalIDString = E4057D072E5C7C2B0013E917;
			remoteInfo = "CalmMeNowWatch Watch App";
		};
		E4DB97BD2DDBAD3E0084C498 /* PBXContainerItemProxy */ = {
			isa = PBXContainerItemProxy;
			containerPortal = E4DB97A72DDBAD3C0084C498 /* Project object */;
			proxyType = 1;
			remoteGlobalIDString = E4DB97AE2DDBAD3C0084C498;
			remoteInfo = CalmMeNow;
		};
		E4DB97C72DDBAD3E0084C498 /* PBXContainerItemProxy */ = {
			isa = PBXContainerItemProxy;
			containerPortal = E4DB97A72DDBAD3C0084C498 /* Project object */;
			proxyType = 1;
			remoteGlobalIDString = E4DB97AE2DDBAD3C0084C498;
			remoteInfo = CalmMeNow;
		};
/* End PBXContainerItemProxy section */

/* Begin PBXCopyFilesBuildPhase section */
		E4057CF72E5C6C0C0013E917 /* Embed Watch Content */ = {
			isa = PBXCopyFilesBuildPhase;
			buildActionMask = 2147483647;
			dstPath = "$(CONTENTS_FOLDER_PATH)/Watch";
			dstSubfolderSpec = 16;
			files = (
				E4057D122E5C7C2C0013E917 /* CalmMeNowWatch Watch App.app in Embed Watch Content */,
			);
			name = "Embed Watch Content";
			runOnlyForDeploymentPostprocessing = 0;
		};
/* End PBXCopyFilesBuildPhase section */

/* Begin PBXFileReference section */
		E4057D082E5C7C2B0013E917 /* CalmMeNowWatch Watch App.app */ = {isa = PBXFileReference; explicitFileType = wrapper.application; includeInIndex = 0; path = "CalmMeNowWatch Watch App.app"; sourceTree = BUILT_PRODUCTS_DIR; };
		E4057D232E5C7E4A0013E917 /* WatchConnectivity.framework */ = {isa = PBXFileReference; lastKnownFileType = wrapper.framework; name = WatchConnectivity.framework; path = Platforms/WatchOS.platform/Developer/SDKs/WatchOS11.5.sdk/System/Library/Frameworks/WatchConnectivity.framework; sourceTree = DEVELOPER_DIR; };
		E4057D252E5C7E740013E917 /* WatchConnectivity.framework */ = {isa = PBXFileReference; lastKnownFileType = wrapper.framework; name = WatchConnectivity.framework; path = System/Library/Frameworks/WatchConnectivity.framework; sourceTree = SDKROOT; };
		E4DB97AF2DDBAD3C0084C498 /* CalmMeNow.app */ = {isa = PBXFileReference; explicitFileType = wrapper.application; includeInIndex = 0; path = CalmMeNow.app; sourceTree = BUILT_PRODUCTS_DIR; };
		E4DB97BC2DDBAD3E0084C498 /* CalmMeNowTests.xctest */ = {isa = PBXFileReference; explicitFileType = wrapper.cfbundle; includeInIndex = 0; path = CalmMeNowTests.xctest; sourceTree = BUILT_PRODUCTS_DIR; };
		E4DB97C62DDBAD3E0084C498 /* CalmMeNowUITests.xctest */ = {isa = PBXFileReference; explicitFileType = wrapper.cfbundle; includeInIndex = 0; path = CalmMeNowUITests.xctest; sourceTree = BUILT_PRODUCTS_DIR; };
		E4FC06442E55136500444E67 /* Sloth meditate.json */ = {isa = PBXFileReference; lastKnownFileType = text.json; path = "Sloth meditate.json"; sourceTree = "<group>"; };
/* End PBXFileReference section */

/* Begin PBXFileSystemSynchronizedBuildFileExceptionSet section */
		E4DB97E22DDBAE870084C498 /* Exceptions for "CalmMeNow" folder in "CalmMeNow" target */ = {
			isa = PBXFileSystemSynchronizedBuildFileExceptionSet;
			membershipExceptions = (
				Resources/CalmPrompts.json,
			);
			target = E4DB97AE2DDBAD3C0084C498 /* CalmMeNow */;
		};
/* End PBXFileSystemSynchronizedBuildFileExceptionSet section */

/* Begin PBXFileSystemSynchronizedRootGroup section */
		E4057CED2E5C6C0B0013E917 /* CalmMeNowWatch Watch App */ = {
			isa = PBXFileSystemSynchronizedRootGroup;
			path = "CalmMeNowWatch Watch App";
			sourceTree = "<group>";
		};
		E4DB97B12DDBAD3C0084C498 /* CalmMeNow */ = {
			isa = PBXFileSystemSynchronizedRootGroup;
			exceptions = (
				E4DB97E22DDBAE870084C498 /* Exceptions for "CalmMeNow" folder in "CalmMeNow" target */,
			);
			path = CalmMeNow;
			sourceTree = "<group>";
		};
		E4DB97BF2DDBAD3E0084C498 /* CalmMeNowTests */ = {
			isa = PBXFileSystemSynchronizedRootGroup;
			path = CalmMeNowTests;
			sourceTree = "<group>";
		};
		E4DB97C92DDBAD3E0084C498 /* CalmMeNowUITests */ = {
			isa = PBXFileSystemSynchronizedRootGroup;
			path = CalmMeNowUITests;
			sourceTree = "<group>";
		};
/* End PBXFileSystemSynchronizedRootGroup section */

/* Begin PBXFrameworksBuildPhase section */
		E4057D052E5C7C2B0013E917 /* Frameworks */ = {
			isa = PBXFrameworksBuildPhase;
			buildActionMask = 2147483647;
			files = (
				E4057D242E5C7E4A0013E917 /* WatchConnectivity.framework in Frameworks */,
			);
			runOnlyForDeploymentPostprocessing = 0;
		};
		E4DB97AC2DDBAD3C0084C498 /* Frameworks */ = {
			isa = PBXFrameworksBuildPhase;
			buildActionMask = 2147483647;
			files = (
				E4057D262E5C7E740013E917 /* WatchConnectivity.framework in Frameworks */,
				E4FC06412E55124F00444E67 /* Lottie in Frameworks */,
				E4F9B7172E5E685300443EC4 /* FirebaseAnalytics in Frameworks */,
				E4F9B7192E5E685300443EC4 /* FirebaseAnalyticsCore in Frameworks */,
			);
			runOnlyForDeploymentPostprocessing = 0;
		};
		E4DB97B92DDBAD3E0084C498 /* Frameworks */ = {
			isa = PBXFrameworksBuildPhase;
			buildActionMask = 2147483647;
			files = (
			);
			runOnlyForDeploymentPostprocessing = 0;
		};
		E4DB97C32DDBAD3E0084C498 /* Frameworks */ = {
			isa = PBXFrameworksBuildPhase;
			buildActionMask = 2147483647;
			files = (
			);
			runOnlyForDeploymentPostprocessing = 0;
		};
/* End PBXFrameworksBuildPhase section */

/* Begin PBXGroup section */
		E4057D222E5C7E4A0013E917 /* Frameworks */ = {
			isa = PBXGroup;
			children = (
				E4057D252E5C7E740013E917 /* WatchConnectivity.framework */,
				E4057D232E5C7E4A0013E917 /* WatchConnectivity.framework */,
			);
			name = Frameworks;
			sourceTree = "<group>";
		};
		E4DB97A62DDBAD3C0084C498 = {
			isa = PBXGroup;
			children = (
				E4FC06442E55136500444E67 /* Sloth meditate.json */,
				E4DB97B12DDBAD3C0084C498 /* CalmMeNow */,
				E4DB97BF2DDBAD3E0084C498 /* CalmMeNowTests */,
				E4DB97C92DDBAD3E0084C498 /* CalmMeNowUITests */,
				E4057CED2E5C6C0B0013E917 /* CalmMeNowWatch Watch App */,
				E4057D222E5C7E4A0013E917 /* Frameworks */,
				E4DB97B02DDBAD3C0084C498 /* Products */,
			);
			sourceTree = "<group>";
		};
		E4DB97B02DDBAD3C0084C498 /* Products */ = {
			isa = PBXGroup;
			children = (
				E4DB97AF2DDBAD3C0084C498 /* CalmMeNow.app */,
				E4DB97BC2DDBAD3E0084C498 /* CalmMeNowTests.xctest */,
				E4DB97C62DDBAD3E0084C498 /* CalmMeNowUITests.xctest */,
				E4057D082E5C7C2B0013E917 /* CalmMeNowWatch Watch App.app */,
			);
			name = Products;
			sourceTree = "<group>";
		};
/* End PBXGroup section */

/* Begin PBXNativeTarget section */
		E4057D072E5C7C2B0013E917 /* CalmMeNowWatch Watch App */ = {
			isa = PBXNativeTarget;
			buildConfigurationList = E4057D132E5C7C2C0013E917 /* Build configuration list for PBXNativeTarget "CalmMeNowWatch Watch App" */;
			buildPhases = (
				E4057D042E5C7C2B0013E917 /* Sources */,
				E4057D052E5C7C2B0013E917 /* Frameworks */,
				E4057D062E5C7C2B0013E917 /* Resources */,
			);
			buildRules = (
			);
			dependencies = (
			);
			fileSystemSynchronizedGroups = (
				E4057CED2E5C6C0B0013E917 /* CalmMeNowWatch Watch App */,
			);
			name = "CalmMeNowWatch Watch App";
			packageProductDependencies = (
			);
			productName = "CalmMeNowWatch Watch App";
			productReference = E4057D082E5C7C2B0013E917 /* CalmMeNowWatch Watch App.app */;
			productType = "com.apple.product-type.application";
		};
		E4DB97AE2DDBAD3C0084C498 /* CalmMeNow */ = {
			isa = PBXNativeTarget;
			buildConfigurationList = E4DB97D02DDBAD3E0084C498 /* Build configuration list for PBXNativeTarget "CalmMeNow" */;
			buildPhases = (
				E4DB97AB2DDBAD3C0084C498 /* Sources */,
				E4DB97AC2DDBAD3C0084C498 /* Frameworks */,
				E4DB97AD2DDBAD3C0084C498 /* Resources */,
				E4057CF72E5C6C0C0013E917 /* Embed Watch Content */,
			);
			buildRules = (
			);
			dependencies = (
				E4057D112E5C7C2C0013E917 /* PBXTargetDependency */,
			);
			fileSystemSynchronizedGroups = (
				E4DB97B12DDBAD3C0084C498 /* CalmMeNow */,
			);
			name = CalmMeNow;
			packageProductDependencies = (
				E4FC06402E55124F00444E67 /* Lottie */,
				E4F9B7162E5E685300443EC4 /* FirebaseAnalytics */,
				E4F9B7182E5E685300443EC4 /* FirebaseAnalyticsCore */,
			);
			productName = CalmMeNow;
			productReference = E4DB97AF2DDBAD3C0084C498 /* CalmMeNow.app */;
			productType = "com.apple.product-type.application";
		};
		E4DB97BB2DDBAD3E0084C498 /* CalmMeNowTests */ = {
			isa = PBXNativeTarget;
			buildConfigurationList = E4DB97D32DDBAD3E0084C498 /* Build configuration list for PBXNativeTarget "CalmMeNowTests" */;
			buildPhases = (
				E4DB97B82DDBAD3E0084C498 /* Sources */,
				E4DB97B92DDBAD3E0084C498 /* Frameworks */,
				E4DB97BA2DDBAD3E0084C498 /* Resources */,
			);
			buildRules = (
			);
			dependencies = (
				E4DB97BE2DDBAD3E0084C498 /* PBXTargetDependency */,
			);
			fileSystemSynchronizedGroups = (
				E4DB97BF2DDBAD3E0084C498 /* CalmMeNowTests */,
			);
			name = CalmMeNowTests;
			packageProductDependencies = (
			);
			productName = CalmMeNowTests;
			productReference = E4DB97BC2DDBAD3E0084C498 /* CalmMeNowTests.xctest */;
			productType = "com.apple.product-type.bundle.unit-test";
		};
		E4DB97C52DDBAD3E0084C498 /* CalmMeNowUITests */ = {
			isa = PBXNativeTarget;
			buildConfigurationList = E4DB97D62DDBAD3E0084C498 /* Build configuration list for PBXNativeTarget "CalmMeNowUITests" */;
			buildPhases = (
				E4DB97C22DDBAD3E0084C498 /* Sources */,
				E4DB97C32DDBAD3E0084C498 /* Frameworks */,
				E4DB97C42DDBAD3E0084C498 /* Resources */,
			);
			buildRules = (
			);
			dependencies = (
				E4DB97C82DDBAD3E0084C498 /* PBXTargetDependency */,
			);
			fileSystemSynchronizedGroups = (
				E4DB97C92DDBAD3E0084C498 /* CalmMeNowUITests */,
			);
			name = CalmMeNowUITests;
			packageProductDependencies = (
			);
			productName = CalmMeNowUITests;
			productReference = E4DB97C62DDBAD3E0084C498 /* CalmMeNowUITests.xctest */;
			productType = "com.apple.product-type.bundle.ui-testing";
		};
/* End PBXNativeTarget section */

/* Begin PBXProject section */
		E4DB97A72DDBAD3C0084C498 /* Project object */ = {
			isa = PBXProject;
			attributes = {
				BuildIndependentTargetsInParallel = 1;
				LastSwiftUpdateCheck = 1640;
				LastUpgradeCheck = 1630;
				TargetAttributes = {
					E4057D072E5C7C2B0013E917 = {
						CreatedOnToolsVersion = 16.4;
					};
					E4DB97AE2DDBAD3C0084C498 = {
						CreatedOnToolsVersion = 16.3;
					};
					E4DB97BB2DDBAD3E0084C498 = {
						CreatedOnToolsVersion = 16.3;
						TestTargetID = E4DB97AE2DDBAD3C0084C498;
					};
					E4DB97C52DDBAD3E0084C498 = {
						CreatedOnToolsVersion = 16.3;
						TestTargetID = E4DB97AE2DDBAD3C0084C498;
					};
				};
			};
			buildConfigurationList = E4DB97AA2DDBAD3C0084C498 /* Build configuration list for PBXProject "CalmMeNow" */;
			developmentRegion = en;
			hasScannedForEncodings = 0;
			knownRegions = (
				en,
				Base,
			);
			mainGroup = E4DB97A62DDBAD3C0084C498;
			minimizedProjectReferenceProxies = 1;
			packageReferences = (
				E4FC063F2E55124F00444E67 /* XCRemoteSwiftPackageReference "lottie-ios" */,
				E4F9B7152E5E685300443EC4 /* XCRemoteSwiftPackageReference "firebase-ios-sdk" */,
			);
			preferredProjectObjectVersion = 77;
			productRefGroup = E4DB97B02DDBAD3C0084C498 /* Products */;
			projectDirPath = "";
			projectRoot = "";
			targets = (
				E4DB97AE2DDBAD3C0084C498 /* CalmMeNow */,
				E4DB97BB2DDBAD3E0084C498 /* CalmMeNowTests */,
				E4DB97C52DDBAD3E0084C498 /* CalmMeNowUITests */,
				E4057D072E5C7C2B0013E917 /* CalmMeNowWatch Watch App */,
			);
		};
/* End PBXProject section */

/* Begin PBXResourcesBuildPhase section */
		E4057D062E5C7C2B0013E917 /* Resources */ = {
			isa = PBXResourcesBuildPhase;
			buildActionMask = 2147483647;
			files = (
			);
			runOnlyForDeploymentPostprocessing = 0;
		};
		E4DB97AD2DDBAD3C0084C498 /* Resources */ = {
			isa = PBXResourcesBuildPhase;
			buildActionMask = 2147483647;
			files = (
				E4FC06452E55136500444E67 /* Sloth meditate.json in Resources */,
			);
			runOnlyForDeploymentPostprocessing = 0;
		};
		E4DB97BA2DDBAD3E0084C498 /* Resources */ = {
			isa = PBXResourcesBuildPhase;
			buildActionMask = 2147483647;
			files = (
			);
			runOnlyForDeploymentPostprocessing = 0;
		};
		E4DB97C42DDBAD3E0084C498 /* Resources */ = {
			isa = PBXResourcesBuildPhase;
			buildActionMask = 2147483647;
			files = (
			);
			runOnlyForDeploymentPostprocessing = 0;
		};
/* End PBXResourcesBuildPhase section */

/* Begin PBXSourcesBuildPhase section */
		E4057D042E5C7C2B0013E917 /* Sources */ = {
			isa = PBXSourcesBuildPhase;
			buildActionMask = 2147483647;
			files = (
			);
			runOnlyForDeploymentPostprocessing = 0;
		};
		E4DB97AB2DDBAD3C0084C498 /* Sources */ = {
			isa = PBXSourcesBuildPhase;
			buildActionMask = 2147483647;
			files = (
			);
			runOnlyForDeploymentPostprocessing = 0;
		};
		E4DB97B82DDBAD3E0084C498 /* Sources */ = {
			isa = PBXSourcesBuildPhase;
			buildActionMask = 2147483647;
			files = (
			);
			runOnlyForDeploymentPostprocessing = 0;
		};
		E4DB97C22DDBAD3E0084C498 /* Sources */ = {
			isa = PBXSourcesBuildPhase;
			buildActionMask = 2147483647;
			files = (
			);
			runOnlyForDeploymentPostprocessing = 0;
		};
/* End PBXSourcesBuildPhase section */

/* Begin PBXTargetDependency section */
		E4057D112E5C7C2C0013E917 /* PBXTargetDependency */ = {
			isa = PBXTargetDependency;
			target = E4057D072E5C7C2B0013E917 /* CalmMeNowWatch Watch App */;
			targetProxy = E4057D102E5C7C2C0013E917 /* PBXContainerItemProxy */;
		};
		E4DB97BE2DDBAD3E0084C498 /* PBXTargetDependency */ = {
			isa = PBXTargetDependency;
			target = E4DB97AE2DDBAD3C0084C498 /* CalmMeNow */;
			targetProxy = E4DB97BD2DDBAD3E0084C498 /* PBXContainerItemProxy */;
		};
		E4DB97C82DDBAD3E0084C498 /* PBXTargetDependency */ = {
			isa = PBXTargetDependency;
			target = E4DB97AE2DDBAD3C0084C498 /* CalmMeNow */;
			targetProxy = E4DB97C72DDBAD3E0084C498 /* PBXContainerItemProxy */;
		};
/* End PBXTargetDependency section */

/* Begin XCBuildConfiguration section */
		E4057D142E5C7C2C0013E917 /* Debug */ = {
			isa = XCBuildConfiguration;
			buildSettings = {
				ASSETCATALOG_COMPILER_APPICON_NAME = AppIcon;
				ASSETCATALOG_COMPILER_GLOBAL_ACCENT_COLOR_NAME = AccentColor;
				CODE_SIGN_STYLE = Automatic;
				CURRENT_PROJECT_VERSION = 1;
				ENABLE_PREVIEWS = YES;
				GENERATE_INFOPLIST_FILE = YES;
				INFOPLIST_KEY_CFBundleDisplayName = CalmMeNowWatch;
				INFOPLIST_KEY_UISupportedInterfaceOrientations = "UIInterfaceOrientationPortrait UIInterfaceOrientationPortraitUpsideDown";
				INFOPLIST_KEY_WKCompanionAppBundleIdentifier = info.calmmenow.CalmMeNow;
				LD_RUNPATH_SEARCH_PATHS = (
					"$(inherited)",
					"@executable_path/Frameworks",
				);
				MARKETING_VERSION = 1.0;
				PRODUCT_BUNDLE_IDENTIFIER = info.calmmenow.CalmMeNow.watchkitapp;
				PRODUCT_NAME = "$(TARGET_NAME)";
				SDKROOT = watchos;
				SKIP_INSTALL = YES;
				SWIFT_EMIT_LOC_STRINGS = YES;
				SWIFT_VERSION = 5.0;
				TARGETED_DEVICE_FAMILY = 4;
				WATCHOS_DEPLOYMENT_TARGET = 11.5;
			};
			name = Debug;
		};
		E4057D152E5C7C2C0013E917 /* Release */ = {
			isa = XCBuildConfiguration;
			buildSettings = {
				ASSETCATALOG_COMPILER_APPICON_NAME = AppIcon;
				ASSETCATALOG_COMPILER_GLOBAL_ACCENT_COLOR_NAME = AccentColor;
				CODE_SIGN_STYLE = Automatic;
				CURRENT_PROJECT_VERSION = 1;
				ENABLE_PREVIEWS = YES;
				GENERATE_INFOPLIST_FILE = YES;
				INFOPLIST_KEY_CFBundleDisplayName = CalmMeNowWatch;
				INFOPLIST_KEY_UISupportedInterfaceOrientations = "UIInterfaceOrientationPortrait UIInterfaceOrientationPortraitUpsideDown";
				INFOPLIST_KEY_WKCompanionAppBundleIdentifier = info.calmmenow.CalmMeNow;
				LD_RUNPATH_SEARCH_PATHS = (
					"$(inherited)",
					"@executable_path/Frameworks",
				);
				MARKETING_VERSION = 1.0;
				PRODUCT_BUNDLE_IDENTIFIER = info.calmmenow.CalmMeNow.watchkitapp;
				PRODUCT_NAME = "$(TARGET_NAME)";
				SDKROOT = watchos;
				SKIP_INSTALL = YES;
				SWIFT_EMIT_LOC_STRINGS = YES;
				SWIFT_VERSION = 5.0;
				TARGETED_DEVICE_FAMILY = 4;
				WATCHOS_DEPLOYMENT_TARGET = 11.5;
			};
			name = Release;
		};
		E4DB97CE2DDBAD3E0084C498 /* Debug */ = {
			isa = XCBuildConfiguration;
			buildSettings = {
				ALWAYS_SEARCH_USER_PATHS = NO;
				ASSETCATALOG_COMPILER_GENERATE_SWIFT_ASSET_SYMBOL_EXTENSIONS = YES;
				CLANG_ANALYZER_NONNULL = YES;
				CLANG_ANALYZER_NUMBER_OBJECT_CONVERSION = YES_AGGRESSIVE;
				CLANG_CXX_LANGUAGE_STANDARD = "gnu++20";
				CLANG_ENABLE_MODULES = YES;
				CLANG_ENABLE_OBJC_ARC = YES;
				CLANG_ENABLE_OBJC_WEAK = YES;
				CLANG_WARN_BLOCK_CAPTURE_AUTORELEASING = YES;
				CLANG_WARN_BOOL_CONVERSION = YES;
				CLANG_WARN_COMMA = YES;
				CLANG_WARN_CONSTANT_CONVERSION = YES;
				CLANG_WARN_DEPRECATED_OBJC_IMPLEMENTATIONS = YES;
				CLANG_WARN_DIRECT_OBJC_ISA_USAGE = YES_ERROR;
				CLANG_WARN_DOCUMENTATION_COMMENTS = YES;
				CLANG_WARN_EMPTY_BODY = YES;
				CLANG_WARN_ENUM_CONVERSION = YES;
				CLANG_WARN_INFINITE_RECURSION = YES;
				CLANG_WARN_INT_CONVERSION = YES;
				CLANG_WARN_NON_LITERAL_NULL_CONVERSION = YES;
				CLANG_WARN_OBJC_IMPLICIT_RETAIN_SELF = YES;
				CLANG_WARN_OBJC_LITERAL_CONVERSION = YES;
				CLANG_WARN_OBJC_ROOT_CLASS = YES_ERROR;
				CLANG_WARN_QUOTED_INCLUDE_IN_FRAMEWORK_HEADER = YES;
				CLANG_WARN_RANGE_LOOP_ANALYSIS = YES;
				CLANG_WARN_STRICT_PROTOTYPES = YES;
				CLANG_WARN_SUSPICIOUS_MOVE = YES;
				CLANG_WARN_UNGUARDED_AVAILABILITY = YES_AGGRESSIVE;
				CLANG_WARN_UNREACHABLE_CODE = YES;
				CLANG_WARN__DUPLICATE_METHOD_MATCH = YES;
				COPY_PHASE_STRIP = NO;
				DEBUG_INFORMATION_FORMAT = dwarf;
				ENABLE_STRICT_OBJC_MSGSEND = YES;
				ENABLE_TESTABILITY = YES;
				ENABLE_USER_SCRIPT_SANDBOXING = YES;
				GCC_C_LANGUAGE_STANDARD = gnu17;
				GCC_DYNAMIC_NO_PIC = NO;
				GCC_NO_COMMON_BLOCKS = YES;
				GCC_OPTIMIZATION_LEVEL = 0;
				GCC_PREPROCESSOR_DEFINITIONS = (
					"DEBUG=1",
					"$(inherited)",
				);
				GCC_WARN_64_TO_32_BIT_CONVERSION = YES;
				GCC_WARN_ABOUT_RETURN_TYPE = YES_ERROR;
				GCC_WARN_UNDECLARED_SELECTOR = YES;
				GCC_WARN_UNINITIALIZED_AUTOS = YES_AGGRESSIVE;
				GCC_WARN_UNUSED_FUNCTION = YES;
				GCC_WARN_UNUSED_VARIABLE = YES;
				IPHONEOS_DEPLOYMENT_TARGET = 18.4;
				LOCALIZATION_PREFERS_STRING_CATALOGS = YES;
				MTL_ENABLE_DEBUG_INFO = INCLUDE_SOURCE;
				MTL_FAST_MATH = YES;
				ONLY_ACTIVE_ARCH = YES;
				SDKROOT = iphoneos;
				SWIFT_ACTIVE_COMPILATION_CONDITIONS = "DEBUG $(inherited)";
				SWIFT_OPTIMIZATION_LEVEL = "-Onone";
			};
			name = Debug;
		};
		E4DB97CF2DDBAD3E0084C498 /* Release */ = {
			isa = XCBuildConfiguration;
			buildSettings = {
				ALWAYS_SEARCH_USER_PATHS = NO;
				ASSETCATALOG_COMPILER_GENERATE_SWIFT_ASSET_SYMBOL_EXTENSIONS = YES;
				CLANG_ANALYZER_NONNULL = YES;
				CLANG_ANALYZER_NUMBER_OBJECT_CONVERSION = YES_AGGRESSIVE;
				CLANG_CXX_LANGUAGE_STANDARD = "gnu++20";
				CLANG_ENABLE_MODULES = YES;
				CLANG_ENABLE_OBJC_ARC = YES;
				CLANG_ENABLE_OBJC_WEAK = YES;
				CLANG_WARN_BLOCK_CAPTURE_AUTORELEASING = YES;
				CLANG_WARN_BOOL_CONVERSION = YES;
				CLANG_WARN_COMMA = YES;
				CLANG_WARN_CONSTANT_CONVERSION = YES;
				CLANG_WARN_DEPRECATED_OBJC_IMPLEMENTATIONS = YES;
				CLANG_WARN_DIRECT_OBJC_ISA_USAGE = YES_ERROR;
				CLANG_WARN_DOCUMENTATION_COMMENTS = YES;
				CLANG_WARN_EMPTY_BODY = YES;
				CLANG_WARN_ENUM_CONVERSION = YES;
				CLANG_WARN_INFINITE_RECURSION = YES;
				CLANG_WARN_INT_CONVERSION = YES;
				CLANG_WARN_NON_LITERAL_NULL_CONVERSION = YES;
				CLANG_WARN_OBJC_IMPLICIT_RETAIN_SELF = YES;
				CLANG_WARN_OBJC_LITERAL_CONVERSION = YES;
				CLANG_WARN_OBJC_ROOT_CLASS = YES_ERROR;
				CLANG_WARN_QUOTED_INCLUDE_IN_FRAMEWORK_HEADER = YES;
				CLANG_WARN_RANGE_LOOP_ANALYSIS = YES;
				CLANG_WARN_STRICT_PROTOTYPES = YES;
				CLANG_WARN_SUSPICIOUS_MOVE = YES;
				CLANG_WARN_UNGUARDED_AVAILABILITY = YES_AGGRESSIVE;
				CLANG_WARN_UNREACHABLE_CODE = YES;
				CLANG_WARN__DUPLICATE_METHOD_MATCH = YES;
				COPY_PHASE_STRIP = NO;
				DEBUG_INFORMATION_FORMAT = "dwarf-with-dsym";
				ENABLE_NS_ASSERTIONS = NO;
				ENABLE_STRICT_OBJC_MSGSEND = YES;
				ENABLE_USER_SCRIPT_SANDBOXING = YES;
				GCC_C_LANGUAGE_STANDARD = gnu17;
				GCC_NO_COMMON_BLOCKS = YES;
				GCC_WARN_64_TO_32_BIT_CONVERSION = YES;
				GCC_WARN_ABOUT_RETURN_TYPE = YES_ERROR;
				GCC_WARN_UNDECLARED_SELECTOR = YES;
				GCC_WARN_UNINITIALIZED_AUTOS = YES_AGGRESSIVE;
				GCC_WARN_UNUSED_FUNCTION = YES;
				GCC_WARN_UNUSED_VARIABLE = YES;
				IPHONEOS_DEPLOYMENT_TARGET = 18.4;
				LOCALIZATION_PREFERS_STRING_CATALOGS = YES;
				MTL_ENABLE_DEBUG_INFO = NO;
				MTL_FAST_MATH = YES;
				SDKROOT = iphoneos;
				SWIFT_COMPILATION_MODE = wholemodule;
				VALIDATE_PRODUCT = YES;
			};
			name = Release;
		};
		E4DB97D12DDBAD3E0084C498 /* Debug */ = {
			isa = XCBuildConfiguration;
			buildSettings = {
				ASSETCATALOG_COMPILER_APPICON_NAME = AppIcon;
				ASSETCATALOG_COMPILER_GLOBAL_ACCENT_COLOR_NAME = AccentColor;
				CODE_SIGN_STYLE = Automatic;
				CURRENT_PROJECT_VERSION = 1;
				ENABLE_PREVIEWS = YES;
				GENERATE_INFOPLIST_FILE = YES;
				INFOPLIST_KEY_UIApplicationSceneManifest_Generation = YES;
				INFOPLIST_KEY_UIApplicationSupportsIndirectInputEvents = YES;
				INFOPLIST_KEY_UILaunchScreen_Generation = YES;
				INFOPLIST_KEY_UISupportedInterfaceOrientations_iPad = "UIInterfaceOrientationPortrait UIInterfaceOrientationPortraitUpsideDown UIInterfaceOrientationLandscapeLeft UIInterfaceOrientationLandscapeRight";
				INFOPLIST_KEY_UISupportedInterfaceOrientations_iPhone = "UIInterfaceOrientationPortrait UIInterfaceOrientationLandscapeLeft UIInterfaceOrientationLandscapeRight";
				LD_RUNPATH_SEARCH_PATHS = (
					"$(inherited)",
					"@executable_path/Frameworks",
				);
				MARKETING_VERSION = 1.0;
				PRODUCT_BUNDLE_IDENTIFIER = info.calmmenow.CalmMeNow;
				PRODUCT_NAME = "$(TARGET_NAME)";
				SWIFT_EMIT_LOC_STRINGS = YES;
				SWIFT_VERSION = 5.0;
				TARGETED_DEVICE_FAMILY = "1,2";
			};
			name = Debug;
		};
		E4DB97D22DDBAD3E0084C498 /* Release */ = {
			isa = XCBuildConfiguration;
			buildSettings = {
				ASSETCATALOG_COMPILER_APPICON_NAME = AppIcon;
				ASSETCATALOG_COMPILER_GLOBAL_ACCENT_COLOR_NAME = AccentColor;
				CODE_SIGN_STYLE = Automatic;
				CURRENT_PROJECT_VERSION = 1;
				ENABLE_PREVIEWS = YES;
				GENERATE_INFOPLIST_FILE = YES;
				INFOPLIST_KEY_UIApplicationSceneManifest_Generation = YES;
				INFOPLIST_KEY_UIApplicationSupportsIndirectInputEvents = YES;
				INFOPLIST_KEY_UILaunchScreen_Generation = YES;
				INFOPLIST_KEY_UISupportedInterfaceOrientations_iPad = "UIInterfaceOrientationPortrait UIInterfaceOrientationPortraitUpsideDown UIInterfaceOrientationLandscapeLeft UIInterfaceOrientationLandscapeRight";
				INFOPLIST_KEY_UISupportedInterfaceOrientations_iPhone = "UIInterfaceOrientationPortrait UIInterfaceOrientationLandscapeLeft UIInterfaceOrientationLandscapeRight";
				LD_RUNPATH_SEARCH_PATHS = (
					"$(inherited)",
					"@executable_path/Frameworks",
				);
				MARKETING_VERSION = 1.0;
				PRODUCT_BUNDLE_IDENTIFIER = info.calmmenow.CalmMeNow;
				PRODUCT_NAME = "$(TARGET_NAME)";
				SWIFT_EMIT_LOC_STRINGS = YES;
				SWIFT_VERSION = 5.0;
				TARGETED_DEVICE_FAMILY = "1,2";
			};
			name = Release;
		};
		E4DB97D42DDBAD3E0084C498 /* Debug */ = {
			isa = XCBuildConfiguration;
			buildSettings = {
				BUNDLE_LOADER = "$(TEST_HOST)";
				CODE_SIGN_STYLE = Automatic;
				CURRENT_PROJECT_VERSION = 1;
				GENERATE_INFOPLIST_FILE = YES;
				IPHONEOS_DEPLOYMENT_TARGET = 18.4;
				MARKETING_VERSION = 1.0;
				PRODUCT_BUNDLE_IDENTIFIER = info.calmmenow.CalmMeNowTests;
				PRODUCT_NAME = "$(TARGET_NAME)";
				SWIFT_EMIT_LOC_STRINGS = NO;
				SWIFT_VERSION = 5.0;
				TARGETED_DEVICE_FAMILY = "1,2";
				TEST_HOST = "$(BUILT_PRODUCTS_DIR)/CalmMeNow.app/$(BUNDLE_EXECUTABLE_FOLDER_PATH)/CalmMeNow";
			};
			name = Debug;
		};
		E4DB97D52DDBAD3E0084C498 /* Release */ = {
			isa = XCBuildConfiguration;
			buildSettings = {
				BUNDLE_LOADER = "$(TEST_HOST)";
				CODE_SIGN_STYLE = Automatic;
				CURRENT_PROJECT_VERSION = 1;
				GENERATE_INFOPLIST_FILE = YES;
				IPHONEOS_DEPLOYMENT_TARGET = 18.4;
				MARKETING_VERSION = 1.0;
				PRODUCT_BUNDLE_IDENTIFIER = info.calmmenow.CalmMeNowTests;
				PRODUCT_NAME = "$(TARGET_NAME)";
				SWIFT_EMIT_LOC_STRINGS = NO;
				SWIFT_VERSION = 5.0;
				TARGETED_DEVICE_FAMILY = "1,2";
				TEST_HOST = "$(BUILT_PRODUCTS_DIR)/CalmMeNow.app/$(BUNDLE_EXECUTABLE_FOLDER_PATH)/CalmMeNow";
			};
			name = Release;
		};
		E4DB97D72DDBAD3E0084C498 /* Debug */ = {
			isa = XCBuildConfiguration;
			buildSettings = {
				CODE_SIGN_STYLE = Automatic;
				CURRENT_PROJECT_VERSION = 1;
				GENERATE_INFOPLIST_FILE = YES;
				MARKETING_VERSION = 1.0;
				PRODUCT_BUNDLE_IDENTIFIER = info.calmmenow.CalmMeNowUITests;
				PRODUCT_NAME = "$(TARGET_NAME)";
				SWIFT_EMIT_LOC_STRINGS = NO;
				SWIFT_VERSION = 5.0;
				TARGETED_DEVICE_FAMILY = "1,2";
				TEST_TARGET_NAME = CalmMeNow;
			};
			name = Debug;
		};
		E4DB97D82DDBAD3E0084C498 /* Release */ = {
			isa = XCBuildConfiguration;
			buildSettings = {
				CODE_SIGN_STYLE = Automatic;
				CURRENT_PROJECT_VERSION = 1;
				GENERATE_INFOPLIST_FILE = YES;
				MARKETING_VERSION = 1.0;
				PRODUCT_BUNDLE_IDENTIFIER = info.calmmenow.CalmMeNowUITests;
				PRODUCT_NAME = "$(TARGET_NAME)";
				SWIFT_EMIT_LOC_STRINGS = NO;
				SWIFT_VERSION = 5.0;
				TARGETED_DEVICE_FAMILY = "1,2";
				TEST_TARGET_NAME = CalmMeNow;
			};
			name = Release;
		};
/* End XCBuildConfiguration section */

/* Begin XCConfigurationList section */
		E4057D132E5C7C2C0013E917 /* Build configuration list for PBXNativeTarget "CalmMeNowWatch Watch App" */ = {
			isa = XCConfigurationList;
			buildConfigurations = (
				E4057D142E5C7C2C0013E917 /* Debug */,
				E4057D152E5C7C2C0013E917 /* Release */,
			);
			defaultConfigurationIsVisible = 0;
			defaultConfigurationName = Release;
		};
		E4DB97AA2DDBAD3C0084C498 /* Build configuration list for PBXProject "CalmMeNow" */ = {
			isa = XCConfigurationList;
			buildConfigurations = (
				E4DB97CE2DDBAD3E0084C498 /* Debug */,
				E4DB97CF2DDBAD3E0084C498 /* Release */,
			);
			defaultConfigurationIsVisible = 0;
			defaultConfigurationName = Release;
		};
		E4DB97D02DDBAD3E0084C498 /* Build configuration list for PBXNativeTarget "CalmMeNow" */ = {
			isa = XCConfigurationList;
			buildConfigurations = (
				E4DB97D12DDBAD3E0084C498 /* Debug */,
				E4DB97D22DDBAD3E0084C498 /* Release */,
			);
			defaultConfigurationIsVisible = 0;
			defaultConfigurationName = Release;
		};
		E4DB97D32DDBAD3E0084C498 /* Build configuration list for PBXNativeTarget "CalmMeNowTests" */ = {
			isa = XCConfigurationList;
			buildConfigurations = (
				E4DB97D42DDBAD3E0084C498 /* Debug */,
				E4DB97D52DDBAD3E0084C498 /* Release */,
			);
			defaultConfigurationIsVisible = 0;
			defaultConfigurationName = Release;
		};
		E4DB97D62DDBAD3E0084C498 /* Build configuration list for PBXNativeTarget "CalmMeNowUITests" */ = {
			isa = XCConfigurationList;
			buildConfigurations = (
				E4DB97D72DDBAD3E0084C498 /* Debug */,
				E4DB97D82DDBAD3E0084C498 /* Release */,
			);
			defaultConfigurationIsVisible = 0;
			defaultConfigurationName = Release;
		};
/* End XCConfigurationList section */

/* Begin XCRemoteSwiftPackageReference section */
		E4F9B7152E5E685300443EC4 /* XCRemoteSwiftPackageReference "firebase-ios-sdk" */ = {
			isa = XCRemoteSwiftPackageReference;
			repositoryURL = "https://github.com/firebase/firebase-ios-sdk";
			requirement = {
				kind = upToNextMajorVersion;
				minimumVersion = 12.1.0;
			};
		};
		E4FC063F2E55124F00444E67 /* XCRemoteSwiftPackageReference "lottie-ios" */ = {
			isa = XCRemoteSwiftPackageReference;
			repositoryURL = "https://github.com/airbnb/lottie-ios";
			requirement = {
				kind = upToNextMajorVersion;
				minimumVersion = 4.5.2;
			};
		};
/* End XCRemoteSwiftPackageReference section */

/* Begin XCSwiftPackageProductDependency section */
		E4F9B7162E5E685300443EC4 /* FirebaseAnalytics */ = {
			isa = XCSwiftPackageProductDependency;
			package = E4F9B7152E5E685300443EC4 /* XCRemoteSwiftPackageReference "firebase-ios-sdk" */;
			productName = FirebaseAnalytics;
		};
		E4F9B7182E5E685300443EC4 /* FirebaseAnalyticsCore */ = {
			isa = XCSwiftPackageProductDependency;
			package = E4F9B7152E5E685300443EC4 /* XCRemoteSwiftPackageReference "firebase-ios-sdk" */;
			productName = FirebaseAnalyticsCore;
		};
		E4FC06402E55124F00444E67 /* Lottie */ = {
			isa = XCSwiftPackageProductDependency;
			package = E4FC063F2E55124F00444E67 /* XCRemoteSwiftPackageReference "lottie-ios" */;
			productName = Lottie;
		};
/* End XCSwiftPackageProductDependency section */
	};
	rootObject = E4DB97A72DDBAD3C0084C498 /* Project object */;
}
